NeoBundleLock vim-css3-syntax d6b86507f70fd183a37682a90dc48b9ffc63c093
NeoBundleLock nerdtree af85499edace2acca27ce41790ac333f62b689bb
NeoBundleLock neobundle.vim 4a3bb7fb323b62f571c22ff15139fe996dc60ac8
NeoBundleLock vim-surround fa433e0b7330753688f715f3be5d10dc480f20e5
NeoBundleLock html5.vim 9bfa00bdb3fdca07c490b527e5e6ec6c4b017d3b
NeoBundleLock emmet-vim 8b703a0a00a23a96477155099946714f6fdc2e63
NeoBundleLock matchparenpp 1719ad8db35c13a5dc040e5e51fcc1f68a4b44a4
NeoBundleLock neocomplete.vim 28386c3cb00f890369d3be0f810cbf908d68866f
NeoBundleLock matchit 060d9d8aa381d6a650b649d38c992b59db3ed1a3
