NeoBundleLock vim-browsereload-mac b73cc98c18c28869ed99562f6a3c142cb2906029
NeoBundleLock editorconfig-vim d9563296c8f1ec0433499e2f74c798217cbc15c7
NeoBundleLock nerdtree af85499edace2acca27ce41790ac333f62b689bb
NeoBundleLock neobundle.vim 4a3bb7fb323b62f571c22ff15139fe996dc60ac8
NeoBundleLock emmet-vim 0ccaa29dbde268888be21705b0de5de89b59ef48
NeoBundleLock neocomplete.vim bd5cc9e73dedb07f1ab0a99cc7943ef16732e3e9
