NeoBundleLock editorconfig-vim a459b8cfef00100da40fd69c8ae92c4d1e63e1d2
NeoBundleLock emmet-vim 1a9c1493ab90123260a9a7a0944daf5ee4add0fc
NeoBundleLock neobundle.vim 88951d60547595606ea0ca8f28f643d2506f2714
NeoBundleLock neocomplete.vim bb1e37d096cfd368b45d6a50109f84a38349a21d
NeoBundleLock nerdtree eee431dbd44111c858c6d33ffd366cae1f17f8b3
NeoBundleLock vim-browsereload-mac b73cc98c18c28869ed99562f6a3c142cb2906029
NeoBundleLock vim-indent-guides 018298ead9d3aa9cd3b4ae222f81022a33978b09
NeoBundleLock vim-vue aaf2a641b29655d3913493a06ee04c8d21e34662
